<?xml version="1.0" encoding="utf-8"?>
<Project ToolsVersion="4.0" xmlns="http://schemas.microsoft.com/developer/msbuild/2003">
  <ItemGroup>
    <Filter Include="ソース ファイル">
      <UniqueIdentifier>{4FC737F1-C7A5-4376-A066-2A32D752A2FF}</UniqueIdentifier>
      <Extensions>cpp;c;cc;cxx;c++;cppm;ixx;def;odl;idl;hpj;bat;asm;asmx</Extensions>
    </Filter>
    <Filter Include="ヘッダー ファイル">
      <UniqueIdentifier>{93995380-89BD-4b04-88EB-625FBE52EBFB}</UniqueIdentifier>
      <Extensions>h;hh;hpp;hxx;h++;hm;inl;inc;ipp;xsd</Extensions>
    </Filter>
    <Filter Include="リソース ファイル">
      <UniqueIdentifier>{67DA6AB6-F800-4c08-8B7A-83BB121AAD01}</UniqueIdentifier>
      <Extensions>rc;ico;cur;bmp;dlg;rc2;rct;bin;rgs;gif;jpg;jpeg;jpe;resx;tiff;tif;png;wav;mfcribbon-ms</Extensions>
    </Filter>
    <Filter Include="ソース ファイル\Game">
      <UniqueIdentifier>{2d229145-a258-4f66-8dde-2a9ca14627a3}</UniqueIdentifier>
    </Filter>
    <Filter Include="ソース ファイル\System">
      <UniqueIdentifier>{6583ebb4-2432-477b-bed3-129212190627}</UniqueIdentifier>
    </Filter>
    <Filter Include="ソース ファイル\System\FpsControl">
      <UniqueIdentifier>{611fce95-8633-4c96-b869-b01a2f915785}</UniqueIdentifier>
    </Filter>
    <Filter Include="ソース ファイル\Game\GameObject">
      <UniqueIdentifier>{6396928c-b54a-41f7-99b7-0ac52dd06ab3}</UniqueIdentifier>
    </Filter>
    <Filter Include="ソース ファイル\Game\GameObject\GameObjectManager">
      <UniqueIdentifier>{05ab89be-9e68-476d-ab04-e52e624deef1}</UniqueIdentifier>
    </Filter>
    <Filter Include="ソース ファイル\System\Load">
      <UniqueIdentifier>{fad84212-2518-4315-ae4d-c9a9237d920c}</UniqueIdentifier>
    </Filter>
    <Filter Include="ソース ファイル\Game\GameObject\Field">
      <UniqueIdentifier>{ffb59747-d2c7-4de0-8385-258cabd3ecf0}</UniqueIdentifier>
    </Filter>
    <Filter Include="ソース ファイル\Game\GameObject\Obstacle">
      <UniqueIdentifier>{8135eb0c-a29a-4d19-a64d-588d66a19d81}</UniqueIdentifier>
    </Filter>
    <Filter Include="ソース ファイル\Game\GameObject\Player">
      <UniqueIdentifier>{addf971e-0f19-428a-af41-d1fb47bdaccd}</UniqueIdentifier>
    </Filter>
    <Filter Include="ソース ファイル\Game\GameManager">
      <UniqueIdentifier>{88701045-6d60-442c-8534-d92b9e308b6a}</UniqueIdentifier>
    </Filter>
  </ItemGroup>
  <ItemGroup>
    <ClCompile Include="main.cpp">
      <Filter>ソース ファイル</Filter>
    </ClCompile>
    <ClCompile Include="FpsControl.cpp">
      <Filter>ソース ファイル\System\FpsControl</Filter>
    </ClCompile>
    <ClCompile Include="GameObject.cpp">
      <Filter>ソース ファイル\Game\GameObject</Filter>
    </ClCompile>
    <ClCompile Include="GameObjectManager.cpp">
      <Filter>ソース ファイル\Game\GameObject\GameObjectManager</Filter>
    </ClCompile>
    <ClCompile Include="Player.cpp">
      <Filter>ソース ファイル\Game\GameObject\Player</Filter>
    </ClCompile>
    <ClCompile Include="Load.cpp">
      <Filter>ソース ファイル\System\Load</Filter>
    </ClCompile>
    <ClCompile Include="Field.cpp">
      <Filter>ソース ファイル\Game\GameObject\Field</Filter>
    </ClCompile>
    <ClCompile Include="Obstacle.cpp">
      <Filter>ソース ファイル\Game\GameObject\Obstacle</Filter>
    </ClCompile>
    <ClCompile Include="GameManager.cpp">
      <Filter>ソース ファイル\Game\GameManager</Filter>
    </ClCompile>
  </ItemGroup>
  <ItemGroup>
    <ClInclude Include="common.h">
      <Filter>ソース ファイル</Filter>
    </ClInclude>
    <ClInclude Include="FpsControl.h">
      <Filter>ソース ファイル\System\FpsControl</Filter>
    </ClInclude>
    <ClInclude Include="GameObject.h">
      <Filter>ソース ファイル\Game\GameObject</Filter>
    </ClInclude>
    <ClInclude Include="GameObjectManager.h">
      <Filter>ソース ファイル\Game\GameObject\GameObjectManager</Filter>
    </ClInclude>
    <ClInclude Include="Player.h">
      <Filter>ソース ファイル\Game\GameObject\Player</Filter>
    </ClInclude>
    <ClInclude Include="Load.h">
      <Filter>ソース ファイル\System\Load</Filter>
    </ClInclude>
    <ClInclude Include="Field.h">
      <Filter>ソース ファイル\Game\GameObject\Field</Filter>
    </ClInclude>
    <ClInclude Include="Obstacle.h">
      <Filter>ソース ファイル\Game\GameObject\Obstacle</Filter>
    </ClInclude>
    <ClInclude Include="BaseScene.h">
      <Filter>ソース ファイル\Game\GameManager</Filter>
    </ClInclude>
    <ClInclude Include="GameManager.h">
      <Filter>ソース ファイル\Game\GameManager</Filter>
    </ClInclude>
  </ItemGroup>
</Project>